
Microsoft Visual Studio Solution File, Format Version 12.00
# Visual Studio 15
Project("{FAE04EC0-301F-11D3-BF4B-00C04F79EFBC}") = "SuperTiled2Unity", "SuperTiled2Unity.csproj", "{4D81FBCE-9936-CE39-EBB9-DF02BEB6DE08}"
EndProject
Project("{FAE04EC0-301F-11D3-BF4B-00C04F79EFBC}") = "Assembly-CSharp", "Assembly-CSharp.csproj", "{A48932E7-0A4E-35DB-CBF9-74A645C04D66}"
EndProject
Project("{FAE04EC0-301F-11D3-BF4B-00C04F79EFBC}") = "SuperTiled2UnityEditor", "SuperTiled2UnityEditor.csproj", "{A55269FA-0141-1499-6A1F-E0B6298C5C45}"
EndProject
Global
	GlobalSection(SolutionConfigurationPlatforms) = preSolution
		Debug|Any CPU = Debug|Any CPU
		Release|Any CPU = Release|Any CPU
	EndGlobalSection
	GlobalSection(ProjectConfigurationPlatforms) = postSolution
		{4D81FBCE-9936-CE39-EBB9-DF02BEB6DE08}.Debug|Any CPU.ActiveCfg = Debug|Any CPU
		{4D81FBCE-9936-CE39-EBB9-DF02BEB6DE08}.Debug|Any CPU.Build.0 = Debug|Any CPU
		{4D81FBCE-9936-CE39-EBB9-DF02BEB6DE08}.Release|Any CPU.ActiveCfg = Release|Any CPU
		{4D81FBCE-9936-CE39-EBB9-DF02BEB6DE08}.Release|Any CPU.Build.0 = Release|Any CPU
		{A48932E7-0A4E-35DB-CBF9-74A645C04D66}.Debug|Any CPU.ActiveCfg = Debug|Any CPU
		{A48932E7-0A4E-35DB-CBF9-74A645C04D66}.Debug|Any CPU.Build.0 = Debug|Any CPU
		{A48932E7-0A4E-35DB-CBF9-74A645C04D66}.Release|Any CPU.ActiveCfg = Release|Any CPU
		{A48932E7-0A4E-35DB-CBF9-74A645C04D66}.Release|Any CPU.Build.0 = Release|Any CPU
		{A55269FA-0141-1499-6A1F-E0B6298C5C45}.Debug|Any CPU.ActiveCfg = Debug|Any CPU
		{A55269FA-0141-1499-6A1F-E0B6298C5C45}.Debug|Any CPU.Build.0 = Debug|Any CPU
		{A55269FA-0141-1499-6A1F-E0B6298C5C45}.Release|Any CPU.ActiveCfg = Release|Any CPU
		{A55269FA-0141-1499-6A1F-E0B6298C5C45}.Release|Any CPU.Build.0 = Release|Any CPU
	EndGlobalSection
	GlobalSection(SolutionProperties) = preSolution
		HideSolutionNode = FALSE
	EndGlobalSection
	GlobalSection(MonoDevelopProperties) = preSolution
		StartupItem = Assembly-CSharp.csproj
	EndGlobalSection
EndGlobal
